
Microsoft Visual Studio Solution File, Format Version 12.00
# Visual Studio Version 16
VisualStudioVersion = 16.0.32510.428
MinimumVisualStudioVersion = 10.0.40219.1
Project("{FAE04EC0-301F-11D3-BF4B-00C04F79EFBC}") = "ArtistasLocales.Android", "ArtistasLocales.Android\ArtistasLocales.Android.csproj", "{AFD7795C-95FD-4E77-B498-589F61964735}"
EndProject
Project("{FAE04EC0-301F-11D3-BF4B-00C04F79EFBC}") = "ArtistasLocales.iOS", "ArtistasLocales.iOS\ArtistasLocales.iOS.csproj", "{02EE5E55-0F90-4067-8398-7EFE8989973C}"
EndProject
Project("{FAE04EC0-301F-11D3-BF4B-00C04F79EFBC}") = "ArtistasLocales", "ArtistasLocales\ArtistasLocales.csproj", "{31B50952-4358-4CAA-AB5A-6E3CE28622E0}"
EndProject
Global
	GlobalSection(SolutionConfigurationPlatforms) = preSolution
		Debug|Any CPU = Debug|Any CPU
		Debug|iPhone = Debug|iPhone
		Debug|iPhoneSimulator = Debug|iPhoneSimulator
		Release|Any CPU = Release|Any CPU
		Release|iPhone = Release|iPhone
		Release|iPhoneSimulator = Release|iPhoneSimulator
	EndGlobalSection
	GlobalSection(ProjectConfigurationPlatforms) = postSolution
		{AFD7795C-95FD-4E77-B498-589F61964735}.Debug|Any CPU.ActiveCfg = Debug|Any CPU
		{AFD7795C-95FD-4E77-B498-589F61964735}.Debug|Any CPU.Build.0 = Debug|Any CPU
		{AFD7795C-95FD-4E77-B498-589F61964735}.Debug|Any CPU.Deploy.0 = Debug|Any CPU
		{AFD7795C-95FD-4E77-B498-589F61964735}.Debug|iPhone.ActiveCfg = Debug|Any CPU
		{AFD7795C-95FD-4E77-B498-589F61964735}.Debug|iPhone.Build.0 = Debug|Any CPU
		{AFD7795C-95FD-4E77-B498-589F61964735}.Debug|iPhone.Deploy.0 = Debug|Any CPU
		{AFD7795C-95FD-4E77-B498-589F61964735}.Debug|iPhoneSimulator.ActiveCfg = Debug|Any CPU
		{AFD7795C-95FD-4E77-B498-589F61964735}.Debug|iPhoneSimulator.Build.0 = Debug|Any CPU
		{AFD7795C-95FD-4E77-B498-589F61964735}.Debug|iPhoneSimulator.Deploy.0 = Debug|Any CPU
		{AFD7795C-95FD-4E77-B498-589F61964735}.Release|Any CPU.ActiveCfg = Release|Any CPU
		{AFD7795C-95FD-4E77-B498-589F61964735}.Release|Any CPU.Build.0 = Release|Any CPU
		{AFD7795C-95FD-4E77-B498-589F61964735}.Release|Any CPU.Deploy.0 = Release|Any CPU
		{AFD7795C-95FD-4E77-B498-589F61964735}.Release|iPhone.ActiveCfg = Release|Any CPU
		{AFD7795C-95FD-4E77-B498-589F61964735}.Release|iPhone.Build.0 = Release|Any CPU
		{AFD7795C-95FD-4E77-B498-589F61964735}.Release|iPhone.Deploy.0 = Release|Any CPU
		{AFD7795C-95FD-4E77-B498-589F61964735}.Release|iPhoneSimulator.ActiveCfg = Release|Any CPU
		{AFD7795C-95FD-4E77-B498-589F61964735}.Release|iPhoneSimulator.Build.0 = Release|Any CPU
		{AFD7795C-95FD-4E77-B498-589F61964735}.Release|iPhoneSimulator.Deploy.0 = Release|Any CPU
		{02EE5E55-0F90-4067-8398-7EFE8989973C}.Debug|Any CPU.ActiveCfg = Debug|iPhone
		{02EE5E55-0F90-4067-8398-7EFE8989973C}.Debug|Any CPU.Build.0 = Debug|iPhone
		{02EE5E55-0F90-4067-8398-7EFE8989973C}.Debug|Any CPU.Deploy.0 = Debug|iPhone
		{02EE5E55-0F90-4067-8398-7EFE8989973C}.Debug|iPhone.ActiveCfg = Debug|iPhone
		{02EE5E55-0F90-4067-8398-7EFE8989973C}.Debug|iPhone.Build.0 = Debug|iPhone
		{02EE5E55-0F90-4067-8398-7EFE8989973C}.Debug|iPhone.Deploy.0 = Debug|iPhone
		{02EE5E55-0F90-4067-8398-7EFE8989973C}.Debug|iPhoneSimulator.ActiveCfg = Debug|iPhoneSimulator
		{02EE5E55-0F90-4067-8398-7EFE8989973C}.Debug|iPhoneSimulator.Build.0 = Debug|iPhoneSimulator
		{02EE5E55-0F90-4067-8398-7EFE8989973C}.Debug|iPhoneSimulator.Deploy.0 = Debug|iPhoneSimulator
		{02EE5E55-0F90-4067-8398-7EFE8989973C}.Release|Any CPU.ActiveCfg = Release|iPhoneSimulator
		{02EE5E55-0F90-4067-8398-7EFE8989973C}.Release|Any CPU.Build.0 = Release|iPhoneSimulator
		{02EE5E55-0F90-4067-8398-7EFE8989973C}.Release|Any CPU.Deploy.0 = Release|iPhoneSimulator
		{02EE5E55-0F90-4067-8398-7EFE8989973C}.Release|iPhone.ActiveCfg = Release|iPhone
		{02EE5E55-0F90-4067-8398-7EFE8989973C}.Release|iPhone.Build.0 = Release|iPhone
		{02EE5E55-0F90-4067-8398-7EFE8989973C}.Release|iPhone.Deploy.0 = Release|iPhone
		{02EE5E55-0F90-4067-8398-7EFE8989973C}.Release|iPhoneSimulator.ActiveCfg = Release|iPhoneSimulator
		{02EE5E55-0F90-4067-8398-7EFE8989973C}.Release|iPhoneSimulator.Build.0 = Release|iPhoneSimulator
		{02EE5E55-0F90-4067-8398-7EFE8989973C}.Release|iPhoneSimulator.Deploy.0 = Release|iPhoneSimulator
		{31B50952-4358-4CAA-AB5A-6E3CE28622E0}.Debug|Any CPU.ActiveCfg = Debug|Any CPU
		{31B50952-4358-4CAA-AB5A-6E3CE28622E0}.Debug|Any CPU.Build.0 = Debug|Any CPU
		{31B50952-4358-4CAA-AB5A-6E3CE28622E0}.Debug|Any CPU.Deploy.0 = Debug|Any CPU
		{31B50952-4358-4CAA-AB5A-6E3CE28622E0}.Debug|iPhone.ActiveCfg = Debug|Any CPU
		{31B50952-4358-4CAA-AB5A-6E3CE28622E0}.Debug|iPhone.Build.0 = Debug|Any CPU
		{31B50952-4358-4CAA-AB5A-6E3CE28622E0}.Debug|iPhone.Deploy.0 = Debug|Any CPU
		{31B50952-4358-4CAA-AB5A-6E3CE28622E0}.Debug|iPhoneSimulator.ActiveCfg = Debug|Any CPU
		{31B50952-4358-4CAA-AB5A-6E3CE28622E0}.Debug|iPhoneSimulator.Build.0 = Debug|Any CPU
		{31B50952-4358-4CAA-AB5A-6E3CE28622E0}.Debug|iPhoneSimulator.Deploy.0 = Debug|Any CPU
		{31B50952-4358-4CAA-AB5A-6E3CE28622E0}.Release|Any CPU.ActiveCfg = Release|Any CPU
		{31B50952-4358-4CAA-AB5A-6E3CE28622E0}.Release|Any CPU.Build.0 = Release|Any CPU
		{31B50952-4358-4CAA-AB5A-6E3CE28622E0}.Release|Any CPU.Deploy.0 = Release|Any CPU
		{31B50952-4358-4CAA-AB5A-6E3CE28622E0}.Release|iPhone.ActiveCfg = Release|Any CPU
		{31B50952-4358-4CAA-AB5A-6E3CE28622E0}.Release|iPhone.Build.0 = Release|Any CPU
		{31B50952-4358-4CAA-AB5A-6E3CE28622E0}.Release|iPhone.Deploy.0 = Release|Any CPU
		{31B50952-4358-4CAA-AB5A-6E3CE28622E0}.Release|iPhoneSimulator.ActiveCfg = Release|Any CPU
		{31B50952-4358-4CAA-AB5A-6E3CE28622E0}.Release|iPhoneSimulator.Build.0 = Release|Any CPU
		{31B50952-4358-4CAA-AB5A-6E3CE28622E0}.Release|iPhoneSimulator.Deploy.0 = Release|Any CPU
	EndGlobalSection
	GlobalSection(SolutionProperties) = preSolution
		HideSolutionNode = FALSE
	EndGlobalSection
	GlobalSection(ExtensibilityGlobals) = postSolution
		SolutionGuid = {0721475D-8F8F-4C26-8619-8B5CC032434D}
	EndGlobalSection
EndGlobal
